
Microsoft Visual Studio Solution File, Format Version 12.00
# Visual Studio Version 16
VisualStudioVersion = 16.0.30413.136
MinimumVisualStudioVersion = 10.0.40219.1
Project("{9A19103F-16F7-4668-BE54-9A1E7A4F7556}") = "EService.API", "EService.API\EService.API.csproj", "{BE98CB64-E7A6-4AA5-8E2B-501FE3D0DA32}"
EndProject
Project("{2150E333-8FDC-42A3-9474-1A3956D46DE8}") = "API", "API", "{F02D029C-2644-4470-9C78-890FE0A47243}"
EndProject
Project("{2150E333-8FDC-42A3-9474-1A3956D46DE8}") = "Repositories", "Repositories", "{6DCBDC29-4167-4995-BE99-B2157A35E9F3}"
EndProject
Project("{2150E333-8FDC-42A3-9474-1A3956D46DE8}") = "Domain", "Domain", "{5C1C7F18-B487-48F9-A93D-3A5F926562CC}"
EndProject
Project("{9A19103F-16F7-4668-BE54-9A1E7A4F7556}") = "EService.Domain", "EService.Domain\EService.Domain.csproj", "{CC3BA0B2-9F76-454E-B604-7B0AF336D75B}"
EndProject
Project("{9A19103F-16F7-4668-BE54-9A1E7A4F7556}") = "EService.Repositories", "EService.Repositories\EService.Repositories.csproj", "{96D60BA4-A5ED-4B9F-A639-A52A055676ED}"
EndProject
Project("{9A19103F-16F7-4668-BE54-9A1E7A4F7556}") = "EService.Test", "EService.Test\EService.Test.csproj", "{D7C5FB7E-44AB-4068-9A46-F7C8B77B0334}"
EndProject
Project("{2150E333-8FDC-42A3-9474-1A3956D46DE8}") = "Controller", "Controller", "{9FEE1E1A-4F82-4F05-8DD6-302EA25D2B1C}"
EndProject
Project("{2150E333-8FDC-42A3-9474-1A3956D46DE8}") = "Repositories", "Repositories", "{6BC97EEE-2CCC-42A5-A2D8-E1334FEEACE1}"
EndProject
Project("{9A19103F-16F7-4668-BE54-9A1E7A4F7556}") = "EService.TestRepositories", "EService.TestRepositories\EService.TestRepositories.csproj", "{CF02644B-6650-44BA-8E31-79E67F666D03}"
EndProject
Project("{2150E333-8FDC-42A3-9474-1A3956D46DE8}") = "Middlewares", "Middlewares", "{3D4CFE30-866D-4ECD-B310-460E85ED9DDB}"
EndProject
Project("{9A19103F-16F7-4668-BE54-9A1E7A4F7556}") = "EService.TestMiddlewares", "EService.TestMiddlewares\EService.TestMiddlewares.csproj", "{745FEFC4-BEAC-4B9F-AEAA-2C0B6D5A4CD5}"
EndProject
Project("{2150E333-8FDC-42A3-9474-1A3956D46DE8}") = "TestCases", "TestCases", "{AE1A8349-B44D-41EA-98C5-36DA020FA5DA}"
EndProject
Project("{2150E333-8FDC-42A3-9474-1A3956D46DE8}") = "Application", "Application", "{AF948AEE-082F-46CD-A460-9B00CDF1C86F}"
EndProject
Project("{9A19103F-16F7-4668-BE54-9A1E7A4F7556}") = "EService.Application", "EService.Application\EService.Application.csproj", "{550AA6B2-16F2-4010-AB10-E07D35F1814B}"
EndProject
Project("{2150E333-8FDC-42A3-9474-1A3956D46DE8}") = "DataMigrations", "DataMigrations", "{3F751E08-3C0B-4027-BB61-735CE666E2B1}"
EndProject
Project("{9A19103F-16F7-4668-BE54-9A1E7A4F7556}") = "DbUpAPIProject", "DbUpAPIProject\DbUpAPIProject.csproj", "{DF6BB1D0-E9D8-4D3B-B8E4-55A98E342062}"
EndProject
Global
	GlobalSection(SolutionConfigurationPlatforms) = preSolution
		Debug|Any CPU = Debug|Any CPU
		Release|Any CPU = Release|Any CPU
	EndGlobalSection
	GlobalSection(ProjectConfigurationPlatforms) = postSolution
		{BE98CB64-E7A6-4AA5-8E2B-501FE3D0DA32}.Debug|Any CPU.ActiveCfg = Debug|Any CPU
		{BE98CB64-E7A6-4AA5-8E2B-501FE3D0DA32}.Debug|Any CPU.Build.0 = Debug|Any CPU
		{BE98CB64-E7A6-4AA5-8E2B-501FE3D0DA32}.Release|Any CPU.ActiveCfg = Release|Any CPU
		{BE98CB64-E7A6-4AA5-8E2B-501FE3D0DA32}.Release|Any CPU.Build.0 = Release|Any CPU
		{CC3BA0B2-9F76-454E-B604-7B0AF336D75B}.Debug|Any CPU.ActiveCfg = Debug|Any CPU
		{CC3BA0B2-9F76-454E-B604-7B0AF336D75B}.Debug|Any CPU.Build.0 = Debug|Any CPU
		{CC3BA0B2-9F76-454E-B604-7B0AF336D75B}.Release|Any CPU.ActiveCfg = Release|Any CPU
		{CC3BA0B2-9F76-454E-B604-7B0AF336D75B}.Release|Any CPU.Build.0 = Release|Any CPU
		{96D60BA4-A5ED-4B9F-A639-A52A055676ED}.Debug|Any CPU.ActiveCfg = Debug|Any CPU
		{96D60BA4-A5ED-4B9F-A639-A52A055676ED}.Debug|Any CPU.Build.0 = Debug|Any CPU
		{96D60BA4-A5ED-4B9F-A639-A52A055676ED}.Release|Any CPU.ActiveCfg = Release|Any CPU
		{96D60BA4-A5ED-4B9F-A639-A52A055676ED}.Release|Any CPU.Build.0 = Release|Any CPU
		{D7C5FB7E-44AB-4068-9A46-F7C8B77B0334}.Debug|Any CPU.ActiveCfg = Debug|Any CPU
		{D7C5FB7E-44AB-4068-9A46-F7C8B77B0334}.Debug|Any CPU.Build.0 = Debug|Any CPU
		{D7C5FB7E-44AB-4068-9A46-F7C8B77B0334}.Release|Any CPU.ActiveCfg = Release|Any CPU
		{D7C5FB7E-44AB-4068-9A46-F7C8B77B0334}.Release|Any CPU.Build.0 = Release|Any CPU
		{CF02644B-6650-44BA-8E31-79E67F666D03}.Debug|Any CPU.ActiveCfg = Debug|Any CPU
		{CF02644B-6650-44BA-8E31-79E67F666D03}.Debug|Any CPU.Build.0 = Debug|Any CPU
		{CF02644B-6650-44BA-8E31-79E67F666D03}.Release|Any CPU.ActiveCfg = Release|Any CPU
		{CF02644B-6650-44BA-8E31-79E67F666D03}.Release|Any CPU.Build.0 = Release|Any CPU
		{745FEFC4-BEAC-4B9F-AEAA-2C0B6D5A4CD5}.Debug|Any CPU.ActiveCfg = Debug|Any CPU
		{745FEFC4-BEAC-4B9F-AEAA-2C0B6D5A4CD5}.Debug|Any CPU.Build.0 = Debug|Any CPU
		{745FEFC4-BEAC-4B9F-AEAA-2C0B6D5A4CD5}.Release|Any CPU.ActiveCfg = Release|Any CPU
		{745FEFC4-BEAC-4B9F-AEAA-2C0B6D5A4CD5}.Release|Any CPU.Build.0 = Release|Any CPU
		{550AA6B2-16F2-4010-AB10-E07D35F1814B}.Debug|Any CPU.ActiveCfg = Debug|Any CPU
		{550AA6B2-16F2-4010-AB10-E07D35F1814B}.Debug|Any CPU.Build.0 = Debug|Any CPU
		{550AA6B2-16F2-4010-AB10-E07D35F1814B}.Release|Any CPU.ActiveCfg = Release|Any CPU
		{550AA6B2-16F2-4010-AB10-E07D35F1814B}.Release|Any CPU.Build.0 = Release|Any CPU
		{DF6BB1D0-E9D8-4D3B-B8E4-55A98E342062}.Debug|Any CPU.ActiveCfg = Debug|Any CPU
		{DF6BB1D0-E9D8-4D3B-B8E4-55A98E342062}.Debug|Any CPU.Build.0 = Debug|Any CPU
		{DF6BB1D0-E9D8-4D3B-B8E4-55A98E342062}.Release|Any CPU.ActiveCfg = Release|Any CPU
		{DF6BB1D0-E9D8-4D3B-B8E4-55A98E342062}.Release|Any CPU.Build.0 = Release|Any CPU
	EndGlobalSection
	GlobalSection(SolutionProperties) = preSolution
		HideSolutionNode = FALSE
	EndGlobalSection
	GlobalSection(NestedProjects) = preSolution
		{BE98CB64-E7A6-4AA5-8E2B-501FE3D0DA32} = {F02D029C-2644-4470-9C78-890FE0A47243}
		{CC3BA0B2-9F76-454E-B604-7B0AF336D75B} = {5C1C7F18-B487-48F9-A93D-3A5F926562CC}
		{96D60BA4-A5ED-4B9F-A639-A52A055676ED} = {6DCBDC29-4167-4995-BE99-B2157A35E9F3}
		{D7C5FB7E-44AB-4068-9A46-F7C8B77B0334} = {9FEE1E1A-4F82-4F05-8DD6-302EA25D2B1C}
		{9FEE1E1A-4F82-4F05-8DD6-302EA25D2B1C} = {AE1A8349-B44D-41EA-98C5-36DA020FA5DA}
		{6BC97EEE-2CCC-42A5-A2D8-E1334FEEACE1} = {AE1A8349-B44D-41EA-98C5-36DA020FA5DA}
		{CF02644B-6650-44BA-8E31-79E67F666D03} = {6BC97EEE-2CCC-42A5-A2D8-E1334FEEACE1}
		{3D4CFE30-866D-4ECD-B310-460E85ED9DDB} = {AE1A8349-B44D-41EA-98C5-36DA020FA5DA}
		{745FEFC4-BEAC-4B9F-AEAA-2C0B6D5A4CD5} = {3D4CFE30-866D-4ECD-B310-460E85ED9DDB}
		{550AA6B2-16F2-4010-AB10-E07D35F1814B} = {AF948AEE-082F-46CD-A460-9B00CDF1C86F}
		{DF6BB1D0-E9D8-4D3B-B8E4-55A98E342062} = {3F751E08-3C0B-4027-BB61-735CE666E2B1}
	EndGlobalSection
	GlobalSection(ExtensibilityGlobals) = postSolution
		SolutionGuid = {33B6CB96-4A90-443F-A954-3499598A9A09}
	EndGlobalSection
EndGlobal
